{
  "name": "@lug/e-pigeon",
  "version": "0.0.1-alpha.1",
  "lockfileVersion": 1,
  "requires": true,
  "dependencies": {
    "@lug/netproxy": {
      "version": "1.0.1",
      "resolved": "https://registry.npmjs.org/@lug/netproxy/-/netproxy-1.0.1.tgz",
      "integrity": "sha512-1+q9o81MLDk1FCG6qG2KT98xMYe3Ku5H08qA8kEEokxx5Ds1dqYaH7okyygY6UNnGk0t59FvAVJtXLRqVH7Org==",
      "requires": {
        "debug": "3.1.0",
        "uuid": "3.2.1"
      }
    },
    "@lug/netproxy-node-ipc": {
      "version": "1.0.2",
      "resolved": "https://registry.npmjs.org/@lug/netproxy-node-ipc/-/netproxy-node-ipc-1.0.2.tgz",
      "integrity": "sha512-0UKvuydMnCSfsKNaRpdI+dFtUkAaXJlH/Qq1FPZBH4C84d85kDA8R5iHtoExbuOgfY6TthCuNblfnUN5xt1cWw==",
      "requires": {
        "@lug/netproxy": "1.0.1",
        "node-ipc": "9.1.1",
        "uuid": "3.2.1"
      }
    },
    "debug": {
      "version": "3.1.0",
      "resolved": "https://registry.npmjs.org/debug/-/debug-3.1.0.tgz",
      "integrity": "sha512-OX8XqP7/1a9cqkxYw2yXss15f26NKWBpDXQd0/uK/KPqdQhxbPa994hnzjcE2VqQpDslf55723cKPUOGSmMY3g==",
      "requires": {
        "ms": "2.0.0"
      }
    },
    "easy-stack": {
      "version": "1.0.0",
      "resolved": "https://registry.npmjs.org/easy-stack/-/easy-stack-1.0.0.tgz",
      "integrity": "sha1-EskbMIWjfwuqM26UhurEv5Tj54g="
    },
    "event-pubsub": {
      "version": "4.3.0",
      "resolved": "https://registry.npmjs.org/event-pubsub/-/event-pubsub-4.3.0.tgz",
      "integrity": "sha512-z7IyloorXvKbFx9Bpie2+vMJKKx1fH1EN5yiTfp8CiLOTptSYy1g8H4yDpGlEdshL1PBiFtBHepF2cNsqeEeFQ=="
    },
    "js-message": {
      "version": "1.0.5",
      "resolved": "https://registry.npmjs.org/js-message/-/js-message-1.0.5.tgz",
      "integrity": "sha1-IwDSSxrwjondCVvBpMnJz8uJLRU="
    },
    "js-queue": {
      "version": "2.0.0",
      "resolved": "https://registry.npmjs.org/js-queue/-/js-queue-2.0.0.tgz",
      "integrity": "sha1-NiITz4YPRo8BJfxslqvBdCUx+Ug=",
      "requires": {
        "easy-stack": "1.0.0"
      }
    },
    "ms": {
      "version": "2.0.0",
      "resolved": "https://registry.npmjs.org/ms/-/ms-2.0.0.tgz",
      "integrity": "sha1-VgiurfwAvmwpAd9fmGF4jeDVl8g="
    },
    "node-ipc": {
      "version": "9.1.1",
      "resolved": "https://registry.npmjs.org/node-ipc/-/node-ipc-9.1.1.tgz",
      "integrity": "sha512-FAyICv0sIRJxVp3GW5fzgaf9jwwRQxAKDJlmNFUL5hOy+W4X/I5AypyHoq0DXXbo9o/gt79gj++4cMr4jVWE/w==",
      "requires": {
        "event-pubsub": "4.3.0",
        "js-message": "1.0.5",
        "js-queue": "2.0.0"
      }
    },
    "uuid": {
      "version": "3.2.1",
      "resolved": "https://registry.npmjs.org/uuid/-/uuid-3.2.1.tgz",
      "integrity": "sha512-jZnMwlb9Iku/O3smGWvZhauCf6cvvpKi4BKRiliS3cxnI+Gz9j5MEpTz2UFuXiKPJocb7gnsLHwiS05ige5BEA=="
    }
  }
}
